
Microsoft Visual Studio Solution File, Format Version 12.00
# Visual Studio Version 16
VisualStudioVersion = 16.0.31129.286
MinimumVisualStudioVersion = 10.0.40219.1
Project("{8BC9CEB8-8B4A-11D0-8D11-00A0C91BC942}") = "SimpleCloneOfMinecraft", "SimpleCloneOfMinecraft\SimpleCloneOfMinecraft.vcxproj", "{192FFE14-50C8-47EF-9CCC-27B6C051DA3F}"
EndProject
Global
	GlobalSection(SolutionConfigurationPlatforms) = preSolution
		Debug|x64 = Debug|x64
		Debug|x86 = Debug|x86
		Release|x64 = Release|x64
		Release|x86 = Release|x86
	EndGlobalSection
	GlobalSection(ProjectConfigurationPlatforms) = postSolution
		{192FFE14-50C8-47EF-9CCC-27B6C051DA3F}.Debug|x64.ActiveCfg = Debug|x64
		{192FFE14-50C8-47EF-9CCC-27B6C051DA3F}.Debug|x64.Build.0 = Debug|x64
		{192FFE14-50C8-47EF-9CCC-27B6C051DA3F}.Debug|x86.ActiveCfg = Debug|Win32
		{192FFE14-50C8-47EF-9CCC-27B6C051DA3F}.Debug|x86.Build.0 = Debug|Win32
		{192FFE14-50C8-47EF-9CCC-27B6C051DA3F}.Release|x64.ActiveCfg = Release|x64
		{192FFE14-50C8-47EF-9CCC-27B6C051DA3F}.Release|x64.Build.0 = Release|x64
		{192FFE14-50C8-47EF-9CCC-27B6C051DA3F}.Release|x86.ActiveCfg = Release|Win32
		{192FFE14-50C8-47EF-9CCC-27B6C051DA3F}.Release|x86.Build.0 = Release|Win32
	EndGlobalSection
	GlobalSection(SolutionProperties) = preSolution
		HideSolutionNode = FALSE
	EndGlobalSection
	GlobalSection(ExtensibilityGlobals) = postSolution
		SolutionGuid = {6757C1F1-E9D5-4DF4-B5E7-F0F3E68B185D}
	EndGlobalSection
EndGlobal
